
Microsoft Visual Studio Solution File, Format Version 12.00
# Visual Studio 15
VisualStudioVersion = 15.0.28307.1525
MinimumVisualStudioVersion = 10.0.40219.1
Project("{FAE04EC0-301F-11D3-BF4B-00C04F79EFBC}") = "NurseSchedulingApplication", "NurseSchedulingApplication\NurseSchedulingApplication.csproj", "{96EB3480-F55A-451E-9019-75C7F2DB9E74}"
EndProject
Global
	GlobalSection(SolutionConfigurationPlatforms) = preSolution
		Debug|Any CPU = Debug|Any CPU
		Release|Any CPU = Release|Any CPU
	EndGlobalSection
	GlobalSection(ProjectConfigurationPlatforms) = postSolution
		{96EB3480-F55A-451E-9019-75C7F2DB9E74}.Debug|Any CPU.ActiveCfg = Debug|Any CPU
		{96EB3480-F55A-451E-9019-75C7F2DB9E74}.Debug|Any CPU.Build.0 = Debug|Any CPU
		{96EB3480-F55A-451E-9019-75C7F2DB9E74}.Release|Any CPU.ActiveCfg = Release|Any CPU
		{96EB3480-F55A-451E-9019-75C7F2DB9E74}.Release|Any CPU.Build.0 = Release|Any CPU
	EndGlobalSection
	GlobalSection(SolutionProperties) = preSolution
		HideSolutionNode = FALSE
	EndGlobalSection
	GlobalSection(ExtensibilityGlobals) = postSolution
		SolutionGuid = {786CF4BA-934C-4ACC-BEC5-E9CCA2446CF9}
	EndGlobalSection
EndGlobal
